
Microsoft Visual Studio Solution File, Format Version 12.00
# Visual Studio Version 17
VisualStudioVersion = 17.11.35219.272
MinimumVisualStudioVersion = 10.0.40219.1
Project("{FAE04EC0-301F-11D3-BF4B-00C04F79EFBC}") = "ahj", "ahj\ahj.csproj", "{BD33254D-B3CB-48CA-8DDF-A5009E05F478}"
EndProject
Global
	GlobalSection(SolutionConfigurationPlatforms) = preSolution
		Debug|Any CPU = Debug|Any CPU
		Release|Any CPU = Release|Any CPU
	EndGlobalSection
	GlobalSection(ProjectConfigurationPlatforms) = postSolution
		{BD33254D-B3CB-48CA-8DDF-A5009E05F478}.Debug|Any CPU.ActiveCfg = Debug|Any CPU
		{BD33254D-B3CB-48CA-8DDF-A5009E05F478}.Debug|Any CPU.Build.0 = Debug|Any CPU
		{BD33254D-B3CB-48CA-8DDF-A5009E05F478}.Release|Any CPU.ActiveCfg = Release|Any CPU
		{BD33254D-B3CB-48CA-8DDF-A5009E05F478}.Release|Any CPU.Build.0 = Release|Any CPU
	EndGlobalSection
	GlobalSection(SolutionProperties) = preSolution
		HideSolutionNode = FALSE
	EndGlobalSection
	GlobalSection(ExtensibilityGlobals) = postSolution
		SolutionGuid = {0560D3A1-14D8-462B-8700-563455E2AC0A}
	EndGlobalSection
EndGlobal
